
Microsoft Visual Studio Solution File, Format Version 12.00
# Visual Studio Version 17
VisualStudioVersion = 17.1.32407.343
MinimumVisualStudioVersion = 10.0.40219.1
Project("{FAE04EC0-301F-11D3-BF4B-00C04F79EFBC}") = "MultiScreenApp", "MultiScreenApp\MultiScreenApp.csproj", "{97E8A620-A706-49C0-8375-2693D547907A}"
EndProject
Global
	GlobalSection(SolutionConfigurationPlatforms) = preSolution
		Debug|Any CPU = Debug|Any CPU
		Release|Any CPU = Release|Any CPU
	EndGlobalSection
	GlobalSection(ProjectConfigurationPlatforms) = postSolution
		{97E8A620-A706-49C0-8375-2693D547907A}.Debug|Any CPU.ActiveCfg = Debug|Any CPU
		{97E8A620-A706-49C0-8375-2693D547907A}.Debug|Any CPU.Build.0 = Debug|Any CPU
		{97E8A620-A706-49C0-8375-2693D547907A}.Release|Any CPU.ActiveCfg = Release|Any CPU
		{97E8A620-A706-49C0-8375-2693D547907A}.Release|Any CPU.Build.0 = Release|Any CPU
	EndGlobalSection
	GlobalSection(SolutionProperties) = preSolution
		HideSolutionNode = FALSE
	EndGlobalSection
	GlobalSection(ExtensibilityGlobals) = postSolution
		SolutionGuid = {7FC24598-FFC2-4980-987F-5B013D1DC39B}
	EndGlobalSection
EndGlobal
